
Microsoft Visual Studio Solution File, Format Version 12.00
# Visual Studio 15
VisualStudioVersion = 15.0.28307.329
MinimumVisualStudioVersion = 10.0.40219.1
Project("{FAE04EC0-301F-11D3-BF4B-00C04F79EFBC}") = "task@1", "task@1.csproj", "{4088C002-2C11-448B-AEB6-3D028FA9217F}"
EndProject
Global
	GlobalSection(SolutionConfigurationPlatforms) = preSolution
		Debug|Any CPU = Debug|Any CPU
		Release|Any CPU = Release|Any CPU
	EndGlobalSection
	GlobalSection(ProjectConfigurationPlatforms) = postSolution
		{4088C002-2C11-448B-AEB6-3D028FA9217F}.Debug|Any CPU.ActiveCfg = Debug|Any CPU
		{4088C002-2C11-448B-AEB6-3D028FA9217F}.Debug|Any CPU.Build.0 = Debug|Any CPU
		{4088C002-2C11-448B-AEB6-3D028FA9217F}.Release|Any CPU.ActiveCfg = Release|Any CPU
		{4088C002-2C11-448B-AEB6-3D028FA9217F}.Release|Any CPU.Build.0 = Release|Any CPU
	EndGlobalSection
	GlobalSection(SolutionProperties) = preSolution
		HideSolutionNode = FALSE
	EndGlobalSection
	GlobalSection(ExtensibilityGlobals) = postSolution
		SolutionGuid = {5FEC57B0-3CCA-4BD9-AFA0-797C2194127D}
	EndGlobalSection
EndGlobal
